// !$*UTF8*$!
{
	archiveVersion = 1;
	classes = {
	};
	objectVersion = 46;
	objects = {

/* Begin PBXBuildFile section */
		4BEC452419E570C700AC67D6 /* AppDelegate.m in Sources */ = {isa = PBXBuildFile; fileRef = 4BEC452319E570C700AC67D6 /* AppDelegate.m */; };
		4BEC452619E570C700AC67D6 /* main.m in Sources */ = {isa = PBXBuildFile; fileRef = 4BEC452519E570C700AC67D6 /* main.m */; };
		4BEC452919E570C700AC67D6 /* GameScene.m in Sources */ = {isa = PBXBuildFile; fileRef = 4BEC452819E570C700AC67D6 /* GameScene.m */; };
		4BEC452B19E570C700AC67D6 /* GameScene.sks in Resources */ = {isa = PBXBuildFile; fileRef = 4BEC452A19E570C700AC67D6 /* GameScene.sks */; };
		4BEC452D19E570C700AC67D6 /* Images.xcassets in Resources */ = {isa = PBXBuildFile; fileRef = 4BEC452C19E570C700AC67D6 /* Images.xcassets */; };
		4BEC453019E570C700AC67D6 /* MainMenu.xib in Resources */ = {isa = PBXBuildFile; fileRef = 4BEC452E19E570C700AC67D6 /* MainMenu.xib */; };
		4BEC453C19E570C700AC67D6 /* Breakout2Tests.m in Sources */ = {isa = PBXBuildFile; fileRef = 4BEC453B19E570C700AC67D6 /* Breakout2Tests.m */; };
/* End PBXBuildFile section */

/* Begin PBXContainerItemProxy section */
		4BEC453619E570C700AC67D6 /* PBXContainerItemProxy */ = {
			isa = PBXContainerItemProxy;
			containerPortal = 4BEC451519E570C700AC67D6 /* Project object */;
			proxyType = 1;
			remoteGlobalIDString = 4BEC451C19E570C700AC67D6;
			remoteInfo = Breakout2;
		};
/* End PBXContainerItemProxy section */

/* Begin PBXFileReference section */
		4BEC451D19E570C700AC67D6 /* Breakout2.app */ = {isa = PBXFileReference; explicitFileType = wrapper.application; includeInIndex = 0; path = Breakout2.app; sourceTree = BUILT_PRODUCTS_DIR; };
		4BEC452119E570C700AC67D6 /* Info.plist */ = {isa = PBXFileReference; lastKnownFileType = text.plist.xml; path = Info.plist; sourceTree = "<group>"; };
		4BEC452219E570C700AC67D6 /* AppDelegate.h */ = {isa = PBXFileReference; lastKnownFileType = sourcecode.c.h; path = AppDelegate.h; sourceTree = "<group>"; };
		4BEC452319E570C700AC67D6 /* AppDelegate.m */ = {isa = PBXFileReference; lastKnownFileType = sourcecode.c.objc; path = AppDelegate.m; sourceTree = "<group>"; };
		4BEC452519E570C700AC67D6 /* main.m */ = {isa = PBXFileReference; lastKnownFileType = sourcecode.c.objc; path = main.m; sourceTree = "<group>"; };
		4BEC452719E570C700AC67D6 /* GameScene.h */ = {isa = PBXFileReference; lastKnownFileType = sourcecode.c.h; path = GameScene.h; sourceTree = "<group>"; };
		4BEC452819E570C700AC67D6 /* GameScene.m */ = {isa = PBXFileReference; lastKnownFileType = sourcecode.c.objc; path = GameScene.m; sourceTree = "<group>"; };
		4BEC452A19E570C700AC67D6 /* GameScene.sks */ = {isa = PBXFileReference; lastKnownFileType = file.sks; path = GameScene.sks; sourceTree = "<group>"; };
		4BEC452C19E570C700AC67D6 /* Images.xcassets */ = {isa = PBXFileReference; lastKnownFileType = folder.assetcatalog; path = Images.xcassets; sourceTree = "<group>"; };
		4BEC452F19E570C700AC67D6 /* Base */ = {isa = PBXFileReference; lastKnownFileType = file.xib; name = Base; path = Base.lproj/MainMenu.xib; sourceTree = "<group>"; };
		4BEC453519E570C700AC67D6 /* Breakout2Tests.xctest */ = {isa = PBXFileReference; explicitFileType = wrapper.cfbundle; includeInIndex = 0; path = Breakout2Tests.xctest; sourceTree = BUILT_PRODUCTS_DIR; };
		4BEC453A19E570C700AC67D6 /* Info.plist */ = {isa = PBXFileReference; lastKnownFileType = text.plist.xml; path = Info.plist; sourceTree = "<group>"; };
		4BEC453B19E570C700AC67D6 /* Breakout2Tests.m */ = {isa = PBXFileReference; lastKnownFileType = sourcecode.c.objc; path = Breakout2Tests.m; sourceTree = "<group>"; };
/* End PBXFileReference section */

/* Begin PBXFrameworksBuildPhase section */
		4BEC451A19E570C700AC67D6 /* Frameworks */ = {
			isa = PBXFrameworksBuildPhase;
			buildActionMask = 2147483647;
			files = (
			);
			runOnlyForDeploymentPostprocessing = 0;
		};
		4BEC453219E570C700AC67D6 /* Frameworks */ = {
			isa = PBXFrameworksBuildPhase;
			buildActionMask = 2147483647;
			files = (
			);
			runOnlyForDeploymentPostprocessing = 0;
		};
/* End PBXFrameworksBuildPhase section */

/* Begin PBXGroup section */
		4BEC451419E570C600AC67D6 = {
			isa = PBXGroup;
			children = (
				4BEC451F19E570C700AC67D6 /* Breakout2 */,
				4BEC453819E570C700AC67D6 /* Breakout2Tests */,
				4BEC451E19E570C700AC67D6 /* Products */,
			);
			sourceTree = "<group>";
		};
		4BEC451E19E570C700AC67D6 /* Products */ = {
			isa = PBXGroup;
			children = (
				4BEC451D19E570C700AC67D6 /* Breakout2.app */,
				4BEC453519E570C700AC67D6 /* Breakout2Tests.xctest */,
			);
			name = Products;
			sourceTree = "<group>";
		};
		4BEC451F19E570C700AC67D6 /* Breakout2 */ = {
			isa = PBXGroup;
			children = (
				4BEC452219E570C700AC67D6 /* AppDelegate.h */,
				4BEC452319E570C700AC67D6 /* AppDelegate.m */,
				4BEC452719E570C700AC67D6 /* GameScene.h */,
				4BEC452819E570C700AC67D6 /* GameScene.m */,
				4BEC452A19E570C700AC67D6 /* GameScene.sks */,
				4BEC452C19E570C700AC67D6 /* Images.xcassets */,
				4BEC452E19E570C700AC67D6 /* MainMenu.xib */,
				4BEC452019E570C700AC67D6 /* Supporting Files */,
			);
			path = Breakout2;
			sourceTree = "<group>";
		};
		4BEC452019E570C700AC67D6 /* Supporting Files */ = {
			isa = PBXGroup;
			children = (
				4BEC452119E570C700AC67D6 /* Info.plist */,
				4BEC452519E570C700AC67D6 /* main.m */,
			);
			name = "Supporting Files";
			sourceTree = "<group>";
		};
		4BEC453819E570C700AC67D6 /* Breakout2Tests */ = {
			isa = PBXGroup;
			children = (
				4BEC453B19E570C700AC67D6 /* Breakout2Tests.m */,
				4BEC453919E570C700AC67D6 /* Supporting Files */,
			);
			path = Breakout2Tests;
			sourceTree = "<group>";
		};
		4BEC453919E570C700AC67D6 /* Supporting Files */ = {
			isa = PBXGroup;
			children = (
				4BEC453A19E570C700AC67D6 /* Info.plist */,
			);
			name = "Supporting Files";
			sourceTree = "<group>";
		};
/* End PBXGroup section */

/* Begin PBXNativeTarget section */
		4BEC451C19E570C700AC67D6 /* Breakout2 */ = {
			isa = PBXNativeTarget;
			buildConfigurationList = 4BEC453F19E570C700AC67D6 /* Build configuration list for PBXNativeTarget "Breakout2" */;
			buildPhases = (
				4BEC451919E570C700AC67D6 /* Sources */,
				4BEC451A19E570C700AC67D6 /* Frameworks */,
				4BEC451B19E570C700AC67D6 /* Resources */,
			);
			buildRules = (
			);
			dependencies = (
			);
			name = Breakout2;
			productName = Breakout2;
			productReference = 4BEC451D19E570C700AC67D6 /* Breakout2.app */;
			productType = "com.apple.product-type.application";
		};
		4BEC453419E570C700AC67D6 /* Breakout2Tests */ = {
			isa = PBXNativeTarget;
			buildConfigurationList = 4BEC454219E570C700AC67D6 /* Build configuration list for PBXNativeTarget "Breakout2Tests" */;
			buildPhases = (
				4BEC453119E570C700AC67D6 /* Sources */,
				4BEC453219E570C700AC67D6 /* Frameworks */,
				4BEC453319E570C700AC67D6 /* Resources */,
			);
			buildRules = (
			);
			dependencies = (
				4BEC453719E570C700AC67D6 /* PBXTargetDependency */,
			);
			name = Breakout2Tests;
			productName = Breakout2Tests;
			productReference = 4BEC453519E570C700AC67D6 /* Breakout2Tests.xctest */;
			productType = "com.apple.product-type.bundle.unit-test";
		};
/* End PBXNativeTarget section */

/* Begin PBXProject section */
		4BEC451519E570C700AC67D6 /* Project object */ = {
			isa = PBXProject;
			attributes = {
				LastUpgradeCheck = 0610;
				ORGANIZATIONNAME = ChristmasHouse;
				TargetAttributes = {
					4BEC451C19E570C700AC67D6 = {
						CreatedOnToolsVersion = 6.1;
					};
					4BEC453419E570C700AC67D6 = {
						CreatedOnToolsVersion = 6.1;
						TestTargetID = 4BEC451C19E570C700AC67D6;
					};
				};
			};
			buildConfigurationList = 4BEC451819E570C700AC67D6 /* Build configuration list for PBXProject "Breakout2" */;
			compatibilityVersion = "Xcode 3.2";
			developmentRegion = English;
			hasScannedForEncodings = 0;
			knownRegions = (
				en,
				Base,
			);
			mainGroup = 4BEC451419E570C600AC67D6;
			productRefGroup = 4BEC451E19E570C700AC67D6 /* Products */;
			projectDirPath = "";
			projectRoot = "";
			targets = (
				4BEC451C19E570C700AC67D6 /* Breakout2 */,
				4BEC453419E570C700AC67D6 /* Breakout2Tests */,
			);
		};
/* End PBXProject section */

/* Begin PBXResourcesBuildPhase section */
		4BEC451B19E570C700AC67D6 /* Resources */ = {
			isa = PBXResourcesBuildPhase;
			buildActionMask = 2147483647;
			files = (
				4BEC452B19E570C700AC67D6 /* GameScene.sks in Resources */,
				4BEC452D19E570C700AC67D6 /* Images.xcassets in Resources */,
				4BEC453019E570C700AC67D6 /* MainMenu.xib in Resources */,
			);
			runOnlyForDeploymentPostprocessing = 0;
		};
		4BEC453319E570C700AC67D6 /* Resources */ = {
			isa = PBXResourcesBuildPhase;
			buildActionMask = 2147483647;
			files = (
			);
			runOnlyForDeploymentPostprocessing = 0;
		};
/* End PBXResourcesBuildPhase section */

/* Begin PBXSourcesBuildPhase section */
		4BEC451919E570C700AC67D6 /* Sources */ = {
			isa = PBXSourcesBuildPhase;
			buildActionMask = 2147483647;
			files = (
				4BEC452619E570C700AC67D6 /* main.m in Sources */,
				4BEC452919E570C700AC67D6 /* GameScene.m in Sources */,
				4BEC452419E570C700AC67D6 /* AppDelegate.m in Sources */,
			);
			runOnlyForDeploymentPostprocessing = 0;
		};
		4BEC453119E570C700AC67D6 /* Sources */ = {
			isa = PBXSourcesBuildPhase;
			buildActionMask = 2147483647;
			files = (
				4BEC453C19E570C700AC67D6 /* Breakout2Tests.m in Sources */,
			);
			runOnlyForDeploymentPostprocessing = 0;
		};
/* End PBXSourcesBuildPhase section */

/* Begin PBXTargetDependency section */
		4BEC453719E570C700AC67D6 /* PBXTargetDependency */ = {
			isa = PBXTargetDependency;
			target = 4BEC451C19E570C700AC67D6 /* Breakout2 */;
			targetProxy = 4BEC453619E570C700AC67D6 /* PBXContainerItemProxy */;
		};
/* End PBXTargetDependency section */

/* Begin PBXVariantGroup section */
		4BEC452E19E570C700AC67D6 /* MainMenu.xib */ = {
			isa = PBXVariantGroup;
			children = (
				4BEC452F19E570C700AC67D6 /* Base */,
			);
			name = MainMenu.xib;
			sourceTree = "<group>";
		};
/* End PBXVariantGroup section */

/* Begin XCBuildConfiguration section */
		4BEC453D19E570C700AC67D6 /* Debug */ = {
			isa = XCBuildConfiguration;
			buildSettings = {
				ALWAYS_SEARCH_USER_PATHS = NO;
				CLANG_CXX_LANGUAGE_STANDARD = "gnu++0x";
				CLANG_CXX_LIBRARY = "libc++";
				CLANG_ENABLE_MODULES = YES;
				CLANG_ENABLE_OBJC_ARC = YES;
				CLANG_WARN_BOOL_CONVERSION = YES;
				CLANG_WARN_CONSTANT_CONVERSION = YES;
				CLANG_WARN_DIRECT_OBJC_ISA_USAGE = YES_ERROR;
				CLANG_WARN_EMPTY_BODY = YES;
				CLANG_WARN_ENUM_CONVERSION = YES;
				CLANG_WARN_INT_CONVERSION = YES;
				CLANG_WARN_OBJC_ROOT_CLASS = YES_ERROR;
				CLANG_WARN_UNREACHABLE_CODE = YES;
				CLANG_WARN__DUPLICATE_METHOD_MATCH = YES;
				CODE_SIGN_IDENTITY = "-";
				COPY_PHASE_STRIP = NO;
				ENABLE_STRICT_OBJC_MSGSEND = YES;
				GCC_C_LANGUAGE_STANDARD = gnu99;
				GCC_DYNAMIC_NO_PIC = NO;
				GCC_OPTIMIZATION_LEVEL = 0;
				GCC_PREPROCESSOR_DEFINITIONS = (
					"DEBUG=1",
					"$(inherited)",
				);
				GCC_SYMBOLS_PRIVATE_EXTERN = NO;
				GCC_WARN_64_TO_32_BIT_CONVERSION = YES;
				GCC_WARN_ABOUT_RETURN_TYPE = YES_ERROR;
				GCC_WARN_UNDECLARED_SELECTOR = YES;
				GCC_WARN_UNINITIALIZED_AUTOS = YES_AGGRESSIVE;
				GCC_WARN_UNUSED_FUNCTION = YES;
				GCC_WARN_UNUSED_VARIABLE = YES;
				MACOSX_DEPLOYMENT_TARGET = 10.9;
				MTL_ENABLE_DEBUG_INFO = YES;
				ONLY_ACTIVE_ARCH = YES;
				SDKROOT = macosx;
			};
			name = Debug;
		};
		4BEC453E19E570C700AC67D6 /* Release */ = {
			isa = XCBuildConfiguration;
			buildSettings = {
				ALWAYS_SEARCH_USER_PATHS = NO;
				CLANG_CXX_LANGUAGE_STANDARD = "gnu++0x";
				CLANG_CXX_LIBRARY = "libc++";
				CLANG_ENABLE_MODULES = YES;
				CLANG_ENABLE_OBJC_ARC = YES;
				CLANG_WARN_BOOL_CONVERSION = YES;
				CLANG_WARN_CONSTANT_CONVERSION = YES;
				CLANG_WARN_DIRECT_OBJC_ISA_USAGE = YES_ERROR;
				CLANG_WARN_EMPTY_BODY = YES;
				CLANG_WARN_ENUM_CONVERSION = YES;
				CLANG_WARN_INT_CONVERSION = YES;
				CLANG_WARN_OBJC_ROOT_CLASS = YES_ERROR;
				CLANG_WARN_UNREACHABLE_CODE = YES;
				CLANG_WARN__DUPLICATE_METHOD_MATCH = YES;
				CODE_SIGN_IDENTITY = "-";
				COPY_PHASE_STRIP = YES;
				DEBUG_INFORMATION_FORMAT = "dwarf-with-dsym";
				ENABLE_NS_ASSERTIONS = NO;
				ENABLE_STRICT_OBJC_MSGSEND = YES;
				GCC_C_LANGUAGE_STANDARD = gnu99;
				GCC_WARN_64_TO_32_BIT_CONVERSION = YES;
				GCC_WARN_ABOUT_RETURN_TYPE = YES_ERROR;
				GCC_WARN_UNDECLARED_SELECTOR = YES;
				GCC_WARN_UNINITIALIZED_AUTOS = YES_AGGRESSIVE;
				GCC_WARN_UNUSED_FUNCTION = YES;
				GCC_WARN_UNUSED_VARIABLE = YES;
				MACOSX_DEPLOYMENT_TARGET = 10.9;
				MTL_ENABLE_DEBUG_INFO = NO;
				SDKROOT = macosx;
			};
			name = Release;
		};
		4BEC454019E570C700AC67D6 /* Debug */ = {
			isa = XCBuildConfiguration;
			buildSettings = {
				ASSETCATALOG_COMPILER_APPICON_NAME = AppIcon;
				COMBINE_HIDPI_IMAGES = YES;
				INFOPLIST_FILE = Breakout2/Info.plist;
				LD_RUNPATH_SEARCH_PATHS = "$(inherited) @executable_path/../Frameworks";
				PRODUCT_NAME = "$(TARGET_NAME)";
			};
			name = Debug;
		};
		4BEC454119E570C700AC67D6 /* Release */ = {
			isa = XCBuildConfiguration;
			buildSettings = {
				ASSETCATALOG_COMPILER_APPICON_NAME = AppIcon;
				COMBINE_HIDPI_IMAGES = YES;
				INFOPLIST_FILE = Breakout2/Info.plist;
				LD_RUNPATH_SEARCH_PATHS = "$(inherited) @executable_path/../Frameworks";
				PRODUCT_NAME = "$(TARGET_NAME)";
			};
			name = Release;
		};
		4BEC454319E570C700AC67D6 /* Debug */ = {
			isa = XCBuildConfiguration;
			buildSettings = {
				BUNDLE_LOADER = "$(TEST_HOST)";
				COMBINE_HIDPI_IMAGES = YES;
				FRAMEWORK_SEARCH_PATHS = (
					"$(DEVELOPER_FRAMEWORKS_DIR)",
					"$(inherited)",
				);
				GCC_PREPROCESSOR_DEFINITIONS = (
					"DEBUG=1",
					"$(inherited)",
				);
				INFOPLIST_FILE = Breakout2Tests/Info.plist;
				LD_RUNPATH_SEARCH_PATHS = "$(inherited) @executable_path/../Frameworks @loader_path/../Frameworks";
				PRODUCT_NAME = "$(TARGET_NAME)";
				TEST_HOST = "$(BUILT_PRODUCTS_DIR)/Breakout2.app/Contents/MacOS/Breakout2";
			};
			name = Debug;
		};
		4BEC454419E570C700AC67D6 /* Release */ = {
			isa = XCBuildConfiguration;
			buildSettings = {
				BUNDLE_LOADER = "$(TEST_HOST)";
				COMBINE_HIDPI_IMAGES = YES;
				FRAMEWORK_SEARCH_PATHS = (
					"$(DEVELOPER_FRAMEWORKS_DIR)",
					"$(inherited)",
				);
				INFOPLIST_FILE = Breakout2Tests/Info.plist;
				LD_RUNPATH_SEARCH_PATHS = "$(inherited) @executable_path/../Frameworks @loader_path/../Frameworks";
				PRODUCT_NAME = "$(TARGET_NAME)";
				TEST_HOST = "$(BUILT_PRODUCTS_DIR)/Breakout2.app/Contents/MacOS/Breakout2";
			};
			name = Release;
		};
/* End XCBuildConfiguration section */

/* Begin XCConfigurationList section */
		4BEC451819E570C700AC67D6 /* Build configuration list for PBXProject "Breakout2" */ = {
			isa = XCConfigurationList;
			buildConfigurations = (
				4BEC453D19E570C700AC67D6 /* Debug */,
				4BEC453E19E570C700AC67D6 /* Release */,
			);
			defaultConfigurationIsVisible = 0;
			defaultConfigurationName = Release;
		};
		4BEC453F19E570C700AC67D6 /* Build configuration list for PBXNativeTarget "Breakout2" */ = {
			isa = XCConfigurationList;
			buildConfigurations = (
				4BEC454019E570C700AC67D6 /* Debug */,
				4BEC454119E570C700AC67D6 /* Release */,
			);
			defaultConfigurationIsVisible = 0;
		};
		4BEC454219E570C700AC67D6 /* Build configuration list for PBXNativeTarget "Breakout2Tests" */ = {
			isa = XCConfigurationList;
			buildConfigurations = (
				4BEC454319E570C700AC67D6 /* Debug */,
				4BEC454419E570C700AC67D6 /* Release */,
			);
			defaultConfigurationIsVisible = 0;
		};
/* End XCConfigurationList section */
	};
	rootObject = 4BEC451519E570C700AC67D6 /* Project object */;
}
