// !$*UTF8*$!
{
	archiveVersion = 1;
	classes = {
	};
	objectVersion = 46;
	objects = {

		4A95A2F265E9D3106FBD18C3 = {isa = PBXBuildFile; fileRef = 807EEFBAB54FD7EFC8E5C162; };
		5D88A496347510757C663952 = {isa = PBXBuildFile; fileRef = D338D2E110C1F7F62600FF89; };
		CA93B938BDF65C1C67E41E1D = {isa = PBXBuildFile; fileRef = 036A60A84F1FCACD469D8BB3; };
		4C6748231D035876B25A4497 = {isa = PBXBuildFile; fileRef = 0E6BAC62E5E24AF9E50E96B1; };
		10DCE871DE146BC9664B9A42 = {isa = PBXBuildFile; fileRef = 15ED22E8C4D92AC56505F1C3; };
		E495AB196532F059E58E37A2 = {isa = PBXBuildFile; fileRef = 14211ADF63C503A438D7F17F; };
		950CDA8CDEA6E4B44366DA97 = {isa = PBXBuildFile; fileRef = 8AB71F157B339B49A74FE60F; };
		4A4ABD11F78ED88029A86253 = {isa = PBXBuildFile; fileRef = 8938517AEB53E6AFDA076674; };
		4441F12A7E1EBC894127FF69 = {isa = PBXBuildFile; fileRef = 1A316F54B8D87BE0434A1019; };
		A1ADDA1B92C69AE213AA1295 = {isa = PBXBuildFile; fileRef = 3770C6C0F9680539A3F99626; };
		A1A0B95DA8C9118EE073A846 = {isa = PBXBuildFile; fileRef = 525F1E062F7B19E4E3821966; };
		F502064DF6175AC95BC77C01 = {isa = PBXBuildFile; fileRef = 42A565AD7BE266DB82F1F224; };
		15147D1E498FB528554B5B2A = {isa = PBXBuildFile; fileRef = C206B72D05820CA07FAF8E00; };
		76D54D24690683E82532016D = {isa = PBXBuildFile; fileRef = A98135AE8E0AC61A8633697E; };
		8D2416968C7ADA8C3E76DBF0 = {isa = PBXBuildFile; fileRef = FD5CEB638F5750B93FA44D65; };
		0F05FBDBA38692FE237DE3B6 = {isa = PBXBuildFile; fileRef = 9AA91D5E10DD7A5F4E9FE50D; };
		59BDF593AA6EF1C148AE5455 = {isa = PBXBuildFile; fileRef = A8D8E3AA4148897BE9006150; };
		E7567ADE89E3CF33F4D71949 = {isa = PBXBuildFile; fileRef = 1D49BD5130EE25B2D810D087; };
		19A6DABDF430D68E20571141 = {isa = PBXBuildFile; fileRef = 49D55A4F77414B32E2601A9F; };
		32D694AA031561CEF7AAE2D5 = {isa = PBXBuildFile; fileRef = 3D16C1B7385CB55636A2C918; };
		895C97F33E1EA34060F5AA3A = {isa = PBXBuildFile; fileRef = B284DDE71D63430C362EFB9D; };
		807B409B7EAE103ACD2DAB8B = {isa = PBXBuildFile; fileRef = 41F00DE17838354D12339531; };
		E71F6A8B9905D92809A66488 = {isa = PBXBuildFile; fileRef = 23EFD4F1F7F131A256895C32; };
		96D328514822C11CA34212E6 = {isa = PBXBuildFile; fileRef = C98BD93FA73D31E01EEB4699; };
		E9F3591BDFE87A050253F67B = {isa = PBXBuildFile; fileRef = B8978C58A583438719019675; };
		8C443D54A8193267B300CEC4 = {isa = PBXBuildFile; fileRef = E50F13A3799372BE3CF29DAB; };
		CE90E4C5773E0C80DCB9A871 = {isa = PBXBuildFile; fileRef = 71F346E515B9866F83EAD2F0; };
		E735989EED042B6EDEC773A4 = {isa = PBXBuildFile; fileRef = 21A18BE0D0C380FF7D216970; };
		0F805A514F113A1459422BAA = {isa = PBXBuildFile; fileRef = 8F1B43AFB240C8CFDC6173B0; };
		CAEC4E71ED3F52E234EBF7F3 = {isa = PBXBuildFile; fileRef = 541188CE74F0921FC09E300E; };
		575CEB3484ADFF52D2B48FB6 = {isa = PBXBuildFile; fileRef = 3B001B1AF0C1C3C760A7E6E6; };
		CB2AB88A67CF077F21F99354 = {isa = PBXBuildFile; fileRef = C2EDA26A4DF16BFF03BDC28D; };
		1F7C9B599CC3F315D9A2957F = {isa = PBXBuildFile; fileRef = AAAC14BE76E4087117B5197F; };
		B60B089954BDFBBD3B788972 = {isa = PBXBuildFile; fileRef = 5DDB8E746DE9801F58560CCF; };
		036A60A84F1FCACD469D8BB3 = {isa = PBXFileReference; lastKnownFileType = wrapper.framework; name = Carbon.framework; path = System/Library/Frameworks/Carbon.framework; sourceTree = SDKROOT; };
		0E6BAC62E5E24AF9E50E96B1 = {isa = PBXFileReference; lastKnownFileType = wrapper.framework; name = Cocoa.framework; path = System/Library/Frameworks/Cocoa.framework; sourceTree = SDKROOT; };
		14211ADF63C503A438D7F17F = {isa = PBXFileReference; lastKnownFileType = wrapper.framework; name = CoreMIDI.framework; path = System/Library/Frameworks/CoreMIDI.framework; sourceTree = SDKROOT; };
		15ED22E8C4D92AC56505F1C3 = {isa = PBXFileReference; lastKnownFileType = wrapper.framework; name = CoreAudio.framework; path = System/Library/Frameworks/CoreAudio.framework; sourceTree = SDKROOT; };
		1670890F98FDF2B3136B63D5 = {isa = PBXFileReference; lastKnownFileType = sourcecode.c.h; name = Seaboard.h; path = ../../../Library/SeaboardLibraryCode/Seaboard.h; sourceTree = "SOURCE_ROOT"; };
		1886B95BB2C73F767126C831 = {isa = PBXFileReference; lastKnownFileType = sourcecode.c.h; name = SeaboardComponent.h; path = ../../Source/SeaboardComponent.h; sourceTree = "SOURCE_ROOT"; };
		1A316F54B8D87BE0434A1019 = {isa = PBXFileReference; lastKnownFileType = wrapper.framework; name = OpenGL.framework; path = System/Library/Frameworks/OpenGL.framework; sourceTree = SDKROOT; };
		1D49BD5130EE25B2D810D087 = {isa = PBXFileReference; lastKnownFileType = sourcecode.cpp.cpp; name = SeaboardVoice.cpp; path = ../../../Library/SeaboardLibraryCode/SeaboardVoice.cpp; sourceTree = "SOURCE_ROOT"; };
		21A18BE0D0C380FF7D216970 = {isa = PBXFileReference; lastKnownFileType = sourcecode.cpp.objcpp; name = "juce_data_structures.mm"; path = "../../../Library/modules/juce_data_structures/juce_data_structures.mm"; sourceTree = "SOURCE_ROOT"; };
		23EFD4F1F7F131A256895C32 = {isa = PBXFileReference; lastKnownFileType = sourcecode.cpp.objcpp; name = "juce_audio_devices.mm"; path = "../../../Library/modules/juce_audio_devices/juce_audio_devices.mm"; sourceTree = "SOURCE_ROOT"; };
		3666E85C3319D60FC5AFE67E = {isa = PBXFileReference; lastKnownFileType = sourcecode.c.h; name = AppConfig.h; path = ../../JuceLibraryCode/AppConfig.h; sourceTree = "SOURCE_ROOT"; };
		3770C6C0F9680539A3F99626 = {isa = PBXFileReference; lastKnownFileType = wrapper.framework; name = QTKit.framework; path = System/Library/Frameworks/QTKit.framework; sourceTree = SDKROOT; };
		3B001B1AF0C1C3C760A7E6E6 = {isa = PBXFileReference; lastKnownFileType = sourcecode.cpp.objcpp; name = "juce_gui_basics.mm"; path = "../../../Library/modules/juce_gui_basics/juce_gui_basics.mm"; sourceTree = "SOURCE_ROOT"; };
		3D16C1B7385CB55636A2C918 = {isa = PBXFileReference; lastKnownFileType = sourcecode.cpp.cpp; name = SeaboardComponent.cpp; path = ../../Source/SeaboardComponent.cpp; sourceTree = "SOURCE_ROOT"; };
		41F00DE17838354D12339531 = {isa = PBXFileReference; lastKnownFileType = sourcecode.cpp.objcpp; name = "juce_audio_basics.mm"; path = "../../../Library/modules/juce_audio_basics/juce_audio_basics.mm"; sourceTree = "SOURCE_ROOT"; };
		42A565AD7BE266DB82F1F224 = {isa = PBXFileReference; lastKnownFileType = wrapper.framework; name = QuickTime.framework; path = System/Library/Frameworks/QuickTime.framework; sourceTree = SDKROOT; };
		49D55A4F77414B32E2601A9F = {isa = PBXFileReference; lastKnownFileType = sourcecode.cpp.cpp; name = Main.cpp; path = ../../Source/Main.cpp; sourceTree = "SOURCE_ROOT"; };
		525F1E062F7B19E4E3821966 = {isa = PBXFileReference; lastKnownFileType = wrapper.framework; name = QuartzCore.framework; path = System/Library/Frameworks/QuartzCore.framework; sourceTree = SDKROOT; };
		541188CE74F0921FC09E300E = {isa = PBXFileReference; lastKnownFileType = sourcecode.cpp.objcpp; name = "juce_graphics.mm"; path = "../../../Library/modules/juce_graphics/juce_graphics.mm"; sourceTree = "SOURCE_ROOT"; };
		5DDB8E746DE9801F58560CCF = {isa = PBXFileReference; lastKnownFileType = sourcecode.cpp.objcpp; name = "juce_video.mm"; path = "../../../Library/modules/juce_video/juce_video.mm"; sourceTree = "SOURCE_ROOT"; };
		71F346E515B9866F83EAD2F0 = {isa = PBXFileReference; lastKnownFileType = sourcecode.cpp.objcpp; name = "juce_cryptography.mm"; path = "../../../Library/modules/juce_cryptography/juce_cryptography.mm"; sourceTree = "SOURCE_ROOT"; };
		7689C05608422B3B9B224F84 = {isa = PBXFileReference; lastKnownFileType = text.plist.xml; name = Info.plist; path = Info.plist; sourceTree = "SOURCE_ROOT"; };
		7F0FEA92998CCF44576D3E6A = {isa = PBXFileReference; lastKnownFileType = sourcecode.c.h; name = BinaryData.h; path = ../../../Library/SeaboardLibraryCode/BinaryData.h; sourceTree = "SOURCE_ROOT"; };
		807EEFBAB54FD7EFC8E5C162 = {isa = PBXFileReference; lastKnownFileType = wrapper.framework; name = Accelerate.framework; path = System/Library/Frameworks/Accelerate.framework; sourceTree = SDKROOT; };
		8938517AEB53E6AFDA076674 = {isa = PBXFileReference; lastKnownFileType = wrapper.framework; name = IOKit.framework; path = System/Library/Frameworks/IOKit.framework; sourceTree = SDKROOT; };
		8AB71F157B339B49A74FE60F = {isa = PBXFileReference; lastKnownFileType = wrapper.framework; name = DiscRecording.framework; path = System/Library/Frameworks/DiscRecording.framework; sourceTree = SDKROOT; };
		8F1B43AFB240C8CFDC6173B0 = {isa = PBXFileReference; lastKnownFileType = sourcecode.cpp.objcpp; name = "juce_events.mm"; path = "../../../Library/modules/juce_events/juce_events.mm"; sourceTree = "SOURCE_ROOT"; };
		988016900391C5825219F364 = {isa = PBXFileReference; lastKnownFileType = sourcecode.c.h; name = JuceHeader.h; path = ../../JuceLibraryCode/JuceHeader.h; sourceTree = "SOURCE_ROOT"; };
		9AA91D5E10DD7A5F4E9FE50D = {isa = PBXFileReference; lastKnownFileType = sourcecode.cpp.cpp; name = Seaboard.cpp; path = ../../../Library/SeaboardLibraryCode/Seaboard.cpp; sourceTree = "SOURCE_ROOT"; };
		A8D8E3AA4148897BE9006150 = {isa = PBXFileReference; lastKnownFileType = sourcecode.cpp.cpp; name = SeaboardPlayer.cpp; path = ../../../Library/SeaboardLibraryCode/SeaboardPlayer.cpp; sourceTree = "SOURCE_ROOT"; };
		A98135AE8E0AC61A8633697E = {isa = PBXFileReference; lastKnownFileType = file.nib; name = RecentFilesMenuTemplate.nib; path = RecentFilesMenuTemplate.nib; sourceTree = "SOURCE_ROOT"; };
		AAAC14BE76E4087117B5197F = {isa = PBXFileReference; lastKnownFileType = sourcecode.cpp.objcpp; name = "juce_opengl.mm"; path = "../../../Library/modules/juce_opengl/juce_opengl.mm"; sourceTree = "SOURCE_ROOT"; };
		B284DDE71D63430C362EFB9D = {isa = PBXFileReference; lastKnownFileType = sourcecode.cpp.cpp; name = SineWaveVoice.cpp; path = ../../Source/SineWaveVoice.cpp; sourceTree = "SOURCE_ROOT"; };
		B8978C58A583438719019675 = {isa = PBXFileReference; lastKnownFileType = sourcecode.cpp.objcpp; name = "juce_audio_processors.mm"; path = "../../../Library/modules/juce_audio_processors/juce_audio_processors.mm"; sourceTree = "SOURCE_ROOT"; };
		C206B72D05820CA07FAF8E00 = {isa = PBXFileReference; lastKnownFileType = wrapper.framework; name = WebKit.framework; path = System/Library/Frameworks/WebKit.framework; sourceTree = SDKROOT; };
		C2EDA26A4DF16BFF03BDC28D = {isa = PBXFileReference; lastKnownFileType = sourcecode.cpp.objcpp; name = "juce_gui_extra.mm"; path = "../../../Library/modules/juce_gui_extra/juce_gui_extra.mm"; sourceTree = "SOURCE_ROOT"; };
		D338D2E110C1F7F62600FF89 = {isa = PBXFileReference; lastKnownFileType = wrapper.framework; name = AudioToolbox.framework; path = System/Library/Frameworks/AudioToolbox.framework; sourceTree = SDKROOT; };
		3F6E14367202C555FC30B9ED = {isa = PBXFileReference; explicitFileType = wrapper.application; includeInIndex = 0; path = SeaboardSimpleSynth.app; sourceTree = "BUILT_PRODUCTS_DIR"; };
		C98BD93FA73D31E01EEB4699 = {isa = PBXFileReference; lastKnownFileType = sourcecode.cpp.objcpp; name = "juce_audio_formats.mm"; path = "../../../Library/modules/juce_audio_formats/juce_audio_formats.mm"; sourceTree = "SOURCE_ROOT"; };
		E50F13A3799372BE3CF29DAB = {isa = PBXFileReference; lastKnownFileType = sourcecode.cpp.objcpp; name = "juce_core.mm"; path = "../../../Library/modules/juce_core/juce_core.mm"; sourceTree = "SOURCE_ROOT"; };
		FD5CEB638F5750B93FA44D65 = {isa = PBXFileReference; lastKnownFileType = sourcecode.cpp.cpp; name = BinaryData.cpp; path = ../../../Library/SeaboardLibraryCode/BinaryData.cpp; sourceTree = "SOURCE_ROOT"; };
		CAB970AFE673846126DC1D5F = {isa = PBXGroup; children = (
					FD5CEB638F5750B93FA44D65,
					7F0FEA92998CCF44576D3E6A,
					9AA91D5E10DD7A5F4E9FE50D,
					1670890F98FDF2B3136B63D5,
					A8D8E3AA4148897BE9006150,
					1D49BD5130EE25B2D810D087, ); name = SeaboardLibraryCode; sourceTree = "<group>"; };
		402FD0F348064EF7772B4EC0 = {isa = PBXGroup; children = (
					49D55A4F77414B32E2601A9F,
					3D16C1B7385CB55636A2C918,
					1886B95BB2C73F767126C831,
					B284DDE71D63430C362EFB9D, ); name = Source; sourceTree = "<group>"; };
		5FEA352931448BE3D6C1B9AC = {isa = PBXGroup; children = (
					CAB970AFE673846126DC1D5F,
					402FD0F348064EF7772B4EC0, ); name = SeaboardSimpleSynth; sourceTree = "<group>"; };
		E5B70D4C29581558CB4BF8F0 = {isa = PBXGroup; children = (
					3666E85C3319D60FC5AFE67E,
					41F00DE17838354D12339531,
					23EFD4F1F7F131A256895C32,
					C98BD93FA73D31E01EEB4699,
					B8978C58A583438719019675,
					E50F13A3799372BE3CF29DAB,
					71F346E515B9866F83EAD2F0,
					21A18BE0D0C380FF7D216970,
					8F1B43AFB240C8CFDC6173B0,
					541188CE74F0921FC09E300E,
					3B001B1AF0C1C3C760A7E6E6,
					C2EDA26A4DF16BFF03BDC28D,
					AAAC14BE76E4087117B5197F,
					5DDB8E746DE9801F58560CCF,
					988016900391C5825219F364, ); name = "Juce Library Code"; sourceTree = "<group>"; };
		EA3B770E2D6B0342A183D05F = {isa = PBXGroup; children = (
					7689C05608422B3B9B224F84,
					A98135AE8E0AC61A8633697E, ); name = Resources; sourceTree = "<group>"; };
		C8E3A2817E1EFBBC97530DCF = {isa = PBXGroup; children = (
					807EEFBAB54FD7EFC8E5C162,
					D338D2E110C1F7F62600FF89,
					036A60A84F1FCACD469D8BB3,
					0E6BAC62E5E24AF9E50E96B1,
					15ED22E8C4D92AC56505F1C3,
					14211ADF63C503A438D7F17F,
					8AB71F157B339B49A74FE60F,
					8938517AEB53E6AFDA076674,
					1A316F54B8D87BE0434A1019,
					3770C6C0F9680539A3F99626,
					525F1E062F7B19E4E3821966,
					42A565AD7BE266DB82F1F224,
					C206B72D05820CA07FAF8E00, ); name = Frameworks; sourceTree = "<group>"; };
		108CA11AF58AD19DCFF94C8B = {isa = PBXGroup; children = (
					3F6E14367202C555FC30B9ED, ); name = Products; sourceTree = "<group>"; };
		2BEDAEF5DF2420F855396B09 = {isa = PBXGroup; children = (
					5FEA352931448BE3D6C1B9AC,
					E5B70D4C29581558CB4BF8F0,
					EA3B770E2D6B0342A183D05F,
					C8E3A2817E1EFBBC97530DCF,
					108CA11AF58AD19DCFF94C8B, ); name = Source; sourceTree = "<group>"; };
		C0B2B0DC053C193432955107 = {isa = XCBuildConfiguration; buildSettings = {
				CLANG_CXX_LANGUAGE_STANDARD = "c++0x";
				CLANG_LINK_OBJC_RUNTIME = NO;
				COMBINE_HIDPI_IMAGES = YES;
				CONFIGURATION_BUILD_DIR = "$(PROJECT_DIR)/build/$(CONFIGURATION)";
				COPY_PHASE_STRIP = NO;
				GCC_DYNAMIC_NO_PIC = NO;
				GCC_OPTIMIZATION_LEVEL = 0;
				GCC_PREPROCESSOR_DEFINITIONS = (
					"_DEBUG=1",
					"DEBUG=1",
					"JUCER_XCODE_MAC_F6D2F4CF=1",
					"JUCE_APP_VERSION=1.0.0",
					"JUCE_APP_VERSION_HEX=0x10000", );
				GCC_VERSION = com.apple.compilers.llvm.clang.1_0;
				HEADER_SEARCH_PATHS = ("../../JuceLibraryCode", "../../../Library/modules", "$(inherited)");
				INFOPLIST_FILE = Info.plist;
				INSTALL_PATH = "$(HOME)/Applications";
				MACOSX_DEPLOYMENT_TARGET_ppc = 10.4;
				SDKROOT_ppc = macosx10.5; }; name = Debug; };
		FB39EE57C260EE6FB6B1157E = {isa = XCBuildConfiguration; buildSettings = {
				CLANG_CXX_LANGUAGE_STANDARD = "c++0x";
				CLANG_LINK_OBJC_RUNTIME = NO;
				COMBINE_HIDPI_IMAGES = YES;
				CONFIGURATION_BUILD_DIR = "$(PROJECT_DIR)/build/$(CONFIGURATION)";
				DEAD_CODE_STRIPPING = YES;
				GCC_GENERATE_DEBUGGING_SYMBOLS = NO;
				GCC_OPTIMIZATION_LEVEL = s;
				GCC_PREPROCESSOR_DEFINITIONS = (
					"_NDEBUG=1",
					"NDEBUG=1",
					"JUCER_XCODE_MAC_F6D2F4CF=1",
					"JUCE_APP_VERSION=1.0.0",
					"JUCE_APP_VERSION_HEX=0x10000", );
				GCC_SYMBOLS_PRIVATE_EXTERN = YES;
				GCC_VERSION = com.apple.compilers.llvm.clang.1_0;
				HEADER_SEARCH_PATHS = ("../../JuceLibraryCode", "../../../Library/modules", "$(inherited)");
				INFOPLIST_FILE = Info.plist;
				INSTALL_PATH = "$(HOME)/Applications";
				MACOSX_DEPLOYMENT_TARGET_ppc = 10.4;
				SDKROOT_ppc = macosx10.5; }; name = Release; };
		A717DB05A98D98228BD6783B = {isa = XCBuildConfiguration; buildSettings = {
				ALWAYS_SEARCH_USER_PATHS = NO;
				DEBUG_INFORMATION_FORMAT = "dwarf";
				GCC_C_LANGUAGE_STANDARD = c99;
				GCC_INLINES_ARE_PRIVATE_EXTERN = YES;
				GCC_MODEL_TUNING = G5;
				GCC_WARN_ABOUT_RETURN_TYPE = YES;
				GCC_WARN_CHECK_SWITCH_STATEMENTS = YES;
				GCC_WARN_MISSING_PARENTHESES = YES;
				GCC_WARN_NON_VIRTUAL_DESTRUCTOR = YES;
				GCC_WARN_TYPECHECK_CALLS_TO_PRINTF = YES;
				GCC_WARN_UNUSED_VARIABLE = YES;
				ONLY_ACTIVE_ARCH = YES;
				PRODUCT_NAME = "SeaboardSimpleSynth";
				WARNING_CFLAGS = -Wreorder;
				ZERO_LINK = NO; }; name = Debug; };
		789EDDF43A36CDF3853FF0AE = {isa = XCBuildConfiguration; buildSettings = {
				ALWAYS_SEARCH_USER_PATHS = NO;
				DEBUG_INFORMATION_FORMAT = "dwarf";
				GCC_C_LANGUAGE_STANDARD = c99;
				GCC_INLINES_ARE_PRIVATE_EXTERN = YES;
				GCC_MODEL_TUNING = G5;
				GCC_WARN_ABOUT_RETURN_TYPE = YES;
				GCC_WARN_CHECK_SWITCH_STATEMENTS = YES;
				GCC_WARN_MISSING_PARENTHESES = YES;
				GCC_WARN_NON_VIRTUAL_DESTRUCTOR = YES;
				GCC_WARN_TYPECHECK_CALLS_TO_PRINTF = YES;
				GCC_WARN_UNUSED_VARIABLE = YES;
				PRODUCT_NAME = "SeaboardSimpleSynth";
				WARNING_CFLAGS = -Wreorder;
				ZERO_LINK = NO; }; name = Release; };
		D4D73D0FDF70A2F3AF577994 = {isa = XCConfigurationList; buildConfigurations = (
					A717DB05A98D98228BD6783B,
					789EDDF43A36CDF3853FF0AE, ); defaultConfigurationIsVisible = 0; defaultConfigurationName = Debug; };
		7BDE47C97DEFF87DEE956E01 = {isa = XCConfigurationList; buildConfigurations = (
					C0B2B0DC053C193432955107,
					FB39EE57C260EE6FB6B1157E, ); defaultConfigurationIsVisible = 0; defaultConfigurationName = Debug; };
		BA2181D756A0ABA7C5046EA3 = {isa = PBXResourcesBuildPhase; buildActionMask = 2147483647; files = (
					76D54D24690683E82532016D, ); runOnlyForDeploymentPostprocessing = 0; };
		02A4D39B0B5FBE8134AA9031 = {isa = PBXSourcesBuildPhase; buildActionMask = 2147483647; files = (
					8D2416968C7ADA8C3E76DBF0,
					0F05FBDBA38692FE237DE3B6,
					59BDF593AA6EF1C148AE5455,
					E7567ADE89E3CF33F4D71949,
					19A6DABDF430D68E20571141,
					32D694AA031561CEF7AAE2D5,
					895C97F33E1EA34060F5AA3A,
					807B409B7EAE103ACD2DAB8B,
					E71F6A8B9905D92809A66488,
					96D328514822C11CA34212E6,
					E9F3591BDFE87A050253F67B,
					8C443D54A8193267B300CEC4,
					CE90E4C5773E0C80DCB9A871,
					E735989EED042B6EDEC773A4,
					0F805A514F113A1459422BAA,
					CAEC4E71ED3F52E234EBF7F3,
					575CEB3484ADFF52D2B48FB6,
					CB2AB88A67CF077F21F99354,
					1F7C9B599CC3F315D9A2957F,
					B60B089954BDFBBD3B788972, ); runOnlyForDeploymentPostprocessing = 0; };
		AF600288499E2C158C3B2B57 = {isa = PBXFrameworksBuildPhase; buildActionMask = 2147483647; files = (
					4A95A2F265E9D3106FBD18C3,
					5D88A496347510757C663952,
					CA93B938BDF65C1C67E41E1D,
					4C6748231D035876B25A4497,
					10DCE871DE146BC9664B9A42,
					E495AB196532F059E58E37A2,
					950CDA8CDEA6E4B44366DA97,
					4A4ABD11F78ED88029A86253,
					4441F12A7E1EBC894127FF69,
					A1ADDA1B92C69AE213AA1295,
					A1A0B95DA8C9118EE073A846,
					F502064DF6175AC95BC77C01,
					15147D1E498FB528554B5B2A, ); runOnlyForDeploymentPostprocessing = 0; };
		69C32587A1D5D32C2FB0B985 = {isa = PBXNativeTarget; buildConfigurationList = 7BDE47C97DEFF87DEE956E01; buildPhases = (
					BA2181D756A0ABA7C5046EA3,
					02A4D39B0B5FBE8134AA9031,
					AF600288499E2C158C3B2B57, ); buildRules = ( ); dependencies = ( ); name = SeaboardSimpleSynth; productName = SeaboardSimpleSynth; productReference = 3F6E14367202C555FC30B9ED; productInstallPath = "$(HOME)/Applications"; productType = "com.apple.product-type.application"; };
		68FF3202237212D34F09FE7B = {isa = PBXProject; buildConfigurationList = D4D73D0FDF70A2F3AF577994; attributes = { LastUpgradeCheck = 0440; }; compatibilityVersion = "Xcode 3.2"; hasScannedForEncodings = 0; mainGroup = 2BEDAEF5DF2420F855396B09; projectDirPath = ""; projectRoot = ""; targets = ( 69C32587A1D5D32C2FB0B985 ); };
	};
	rootObject = 68FF3202237212D34F09FE7B;
}
