// !$*UTF8*$!
{
	archiveVersion = 1;
	classes = {
	};
	objectVersion = 46;
	objects = {

		E365B41BEEC9ED3442D20C8E = {isa = PBXBuildFile; fileRef = 4CC48571DD958CF4FB151B76; };
		D310B4D3E807DA701AA79EF2 = {isa = PBXBuildFile; fileRef = B28C199D303F965C72E9F39D; };
		2A82CB714290382EF4488C05 = {isa = PBXBuildFile; fileRef = 69D95705A42CE50E29E29038; };
		12DBF3172C2CAF4D3EFD7EDD = {isa = PBXBuildFile; fileRef = E5B98D43DB6E75BFEB7EFD64; };
		21414418D3B3EFB718DE8CB1 = {isa = PBXBuildFile; fileRef = 9FD098578AF1099C809FD821; };
		44ABA6FFB78470CDA1E3D1F1 = {isa = PBXBuildFile; fileRef = A748205CB437C2626D78B2C7; };
		2C9C37748D389FE363DDDF52 = {isa = PBXBuildFile; fileRef = 5CA457595782E9DA3FCBA631; };
		859839D72BF38FD0381B0EA7 = {isa = PBXBuildFile; fileRef = BC99B06E365184CE8F20B2A6; };
		5C4F109D87FDDF7835229204 = {isa = PBXBuildFile; fileRef = 587C56B0698ED90DD3F0BD08; };
		2714A3BD9D2116253D997170 = {isa = PBXBuildFile; fileRef = 799D1182209BEA67A9F0E2D8; };
		7C4E87B022A9AF0AC277B12A = {isa = PBXBuildFile; fileRef = 7484CC4A90948E666C9B6EAE; };
		08AC80864F4536D41A6F5DB4 = {isa = PBXBuildFile; fileRef = A3CE000E470C75E59E52BE6E; };
		FB30EDED5F5DE1B3424E8348 = {isa = PBXBuildFile; fileRef = 9B03287A9462C6FFB247B0DA; };
		D07C26A0039A18FF84436498 = {isa = PBXBuildFile; fileRef = 5E51D802E2D85CB2F7A717D3; };
		777E9338ABA069DD8F5BF43D = {isa = PBXBuildFile; fileRef = 412D3ABEF80FFA69D2ADBF51; };
		877A3463321A1A18FCB73501 = {isa = PBXBuildFile; fileRef = 3ACFB8EFC408FDA02120FDB9; };
		AED0D210E8D519721137D80C = {isa = PBXBuildFile; fileRef = C7C6DE4AA93E9E4A8452FEF9; };
		216E438FC00B3C0B00D8FF0A = {isa = PBXBuildFile; fileRef = 4438A4760FF720E5990C219A; };
		88EA12B3D50A6F198EA6F1BD = {isa = PBXBuildFile; fileRef = 2143C47DDB98218B3CD10DCF; };
		27404E05596B857119CBC877 = {isa = PBXBuildFile; fileRef = EFD66A8A2CAB75DD2A54067C; };
		AA3BDE5330911C33385AE592 = {isa = PBXBuildFile; fileRef = A2305EE92158814E9A7C7778; };
		33FE76AC1AB4C2D184894363 = {isa = PBXBuildFile; fileRef = 145B0D19DEB26E15E309BCCE; };
		0E3F02E0457A2E7F6E32F5F2 = {isa = PBXBuildFile; fileRef = 435DCDFE997D2AD0D440A089; };
		6523B7A2D1ABD3B0A3FB68C0 = {isa = PBXBuildFile; fileRef = C7A0CB01EA976CCA8FD46373; };
		ADB42EBC23B06E42AAB276E2 = {isa = PBXBuildFile; fileRef = DAE162A769ECCB2197005ACD; };
		4DBD6227BC8FA5D8D7C9B65E = {isa = PBXBuildFile; fileRef = 70800EBFD5947283D1043851; };
		3B5B458E907788215DA8F07F = {isa = PBXBuildFile; fileRef = 4D786EE8BA28428F074226D2; };
		972FFC841BFC98718D70A140 = {isa = PBXBuildFile; fileRef = B671E4DD41EDFCA0ED780E67; };
		9882E5D08498BCCE3F1B5BB3 = {isa = PBXBuildFile; fileRef = EC25A015ABFCFA3D5C35A0B9; };
		376661598B157D4189105FD3 = {isa = PBXBuildFile; fileRef = 24436F134075F41FD987E3A8; };
		F93961FB8C5687B8AC1E6B29 = {isa = PBXBuildFile; fileRef = C575F381B2EF51F482E90E29; };
		4EC15644D28B91D3931816E7 = {isa = PBXBuildFile; fileRef = 80DEFAC6C811D5A40978DF86; };
		20FD2AA68DA9B715701B47FF = {isa = PBXBuildFile; fileRef = C14539328DA13E94063752CF; };
		2D64CE8A35DB29D56F74D107 = {isa = PBXBuildFile; fileRef = 40CCF602E2B536BC4644E37E; };
		145B0D19DEB26E15E309BCCE = {isa = PBXFileReference; lastKnownFileType = sourcecode.cpp.objcpp; name = "juce_audio_basics.mm"; path = "../../../Library/modules/juce_audio_basics/juce_audio_basics.mm"; sourceTree = "SOURCE_ROOT"; };
		2143C47DDB98218B3CD10DCF = {isa = PBXFileReference; lastKnownFileType = sourcecode.cpp.cpp; name = Main.cpp; path = ../../Source/Main.cpp; sourceTree = "SOURCE_ROOT"; };
		24436F134075F41FD987E3A8 = {isa = PBXFileReference; lastKnownFileType = sourcecode.cpp.objcpp; name = "juce_graphics.mm"; path = "../../../Library/modules/juce_graphics/juce_graphics.mm"; sourceTree = "SOURCE_ROOT"; };
		3ACFB8EFC408FDA02120FDB9 = {isa = PBXFileReference; lastKnownFileType = sourcecode.cpp.cpp; name = Seaboard.cpp; path = ../../../Library/SeaboardLibraryCode/Seaboard.cpp; sourceTree = "SOURCE_ROOT"; };
		40CCF602E2B536BC4644E37E = {isa = PBXFileReference; lastKnownFileType = sourcecode.cpp.objcpp; name = "juce_video.mm"; path = "../../../Library/modules/juce_video/juce_video.mm"; sourceTree = "SOURCE_ROOT"; };
		412D3ABEF80FFA69D2ADBF51 = {isa = PBXFileReference; lastKnownFileType = sourcecode.cpp.cpp; name = BinaryData.cpp; path = ../../../Library/SeaboardLibraryCode/BinaryData.cpp; sourceTree = "SOURCE_ROOT"; };
		435DCDFE997D2AD0D440A089 = {isa = PBXFileReference; lastKnownFileType = sourcecode.cpp.objcpp; name = "juce_audio_devices.mm"; path = "../../../Library/modules/juce_audio_devices/juce_audio_devices.mm"; sourceTree = "SOURCE_ROOT"; };
		4438A4760FF720E5990C219A = {isa = PBXFileReference; lastKnownFileType = sourcecode.cpp.cpp; name = SeaboardVoice.cpp; path = ../../../Library/SeaboardLibraryCode/SeaboardVoice.cpp; sourceTree = "SOURCE_ROOT"; };
		4B038D103CA6D1A6FA317922 = {isa = PBXFileReference; lastKnownFileType = sourcecode.c.h; name = JuceHeader.h; path = ../../JuceLibraryCode/JuceHeader.h; sourceTree = "SOURCE_ROOT"; };
		4CC48571DD958CF4FB151B76 = {isa = PBXFileReference; lastKnownFileType = wrapper.framework; name = Accelerate.framework; path = System/Library/Frameworks/Accelerate.framework; sourceTree = SDKROOT; };
		4D786EE8BA28428F074226D2 = {isa = PBXFileReference; lastKnownFileType = sourcecode.cpp.objcpp; name = "juce_cryptography.mm"; path = "../../../Library/modules/juce_cryptography/juce_cryptography.mm"; sourceTree = "SOURCE_ROOT"; };
		587C56B0698ED90DD3F0BD08 = {isa = PBXFileReference; lastKnownFileType = wrapper.framework; name = OpenGL.framework; path = System/Library/Frameworks/OpenGL.framework; sourceTree = SDKROOT; };
		5CA457595782E9DA3FCBA631 = {isa = PBXFileReference; lastKnownFileType = wrapper.framework; name = DiscRecording.framework; path = System/Library/Frameworks/DiscRecording.framework; sourceTree = SDKROOT; };
		5E51D802E2D85CB2F7A717D3 = {isa = PBXFileReference; lastKnownFileType = file.nib; name = RecentFilesMenuTemplate.nib; path = RecentFilesMenuTemplate.nib; sourceTree = "SOURCE_ROOT"; };
		69D95705A42CE50E29E29038 = {isa = PBXFileReference; lastKnownFileType = wrapper.framework; name = Carbon.framework; path = System/Library/Frameworks/Carbon.framework; sourceTree = SDKROOT; };
		70800EBFD5947283D1043851 = {isa = PBXFileReference; lastKnownFileType = sourcecode.cpp.objcpp; name = "juce_core.mm"; path = "../../../Library/modules/juce_core/juce_core.mm"; sourceTree = "SOURCE_ROOT"; };
		7479E647F658F05FA72ED882 = {isa = PBXFileReference; lastKnownFileType = sourcecode.c.h; name = SeaboardVisualiser.h; path = ../../Source/SeaboardVisualiser.h; sourceTree = "SOURCE_ROOT"; };
		7484CC4A90948E666C9B6EAE = {isa = PBXFileReference; lastKnownFileType = wrapper.framework; name = QuartzCore.framework; path = System/Library/Frameworks/QuartzCore.framework; sourceTree = SDKROOT; };
		799D1182209BEA67A9F0E2D8 = {isa = PBXFileReference; lastKnownFileType = wrapper.framework; name = QTKit.framework; path = System/Library/Frameworks/QTKit.framework; sourceTree = SDKROOT; };
		80DEFAC6C811D5A40978DF86 = {isa = PBXFileReference; lastKnownFileType = sourcecode.cpp.objcpp; name = "juce_gui_extra.mm"; path = "../../../Library/modules/juce_gui_extra/juce_gui_extra.mm"; sourceTree = "SOURCE_ROOT"; };
		831B27184B909407CD011576 = {isa = PBXFileReference; lastKnownFileType = sourcecode.c.h; name = AppConfig.h; path = ../../JuceLibraryCode/AppConfig.h; sourceTree = "SOURCE_ROOT"; };
		84BE0875AA2169DC4BF5F8AB = {isa = PBXFileReference; lastKnownFileType = text.plist.xml; name = Info.plist; path = Info.plist; sourceTree = "SOURCE_ROOT"; };
		96920BCE2FF301CE17DC5739 = {isa = PBXFileReference; lastKnownFileType = sourcecode.c.h; name = Seaboard.h; path = ../../../Library/SeaboardLibraryCode/Seaboard.h; sourceTree = "SOURCE_ROOT"; };
		9B03287A9462C6FFB247B0DA = {isa = PBXFileReference; lastKnownFileType = wrapper.framework; name = WebKit.framework; path = System/Library/Frameworks/WebKit.framework; sourceTree = SDKROOT; };
		9FD098578AF1099C809FD821 = {isa = PBXFileReference; lastKnownFileType = wrapper.framework; name = CoreAudio.framework; path = System/Library/Frameworks/CoreAudio.framework; sourceTree = SDKROOT; };
		A2305EE92158814E9A7C7778 = {isa = PBXFileReference; lastKnownFileType = sourcecode.cpp.cpp; name = SeaboardVisualiser.cpp; path = ../../Source/SeaboardVisualiser.cpp; sourceTree = "SOURCE_ROOT"; };
		A3CE000E470C75E59E52BE6E = {isa = PBXFileReference; lastKnownFileType = wrapper.framework; name = QuickTime.framework; path = System/Library/Frameworks/QuickTime.framework; sourceTree = SDKROOT; };
		A748205CB437C2626D78B2C7 = {isa = PBXFileReference; lastKnownFileType = wrapper.framework; name = CoreMIDI.framework; path = System/Library/Frameworks/CoreMIDI.framework; sourceTree = SDKROOT; };
		B28C199D303F965C72E9F39D = {isa = PBXFileReference; lastKnownFileType = wrapper.framework; name = AudioToolbox.framework; path = System/Library/Frameworks/AudioToolbox.framework; sourceTree = SDKROOT; };
		B671E4DD41EDFCA0ED780E67 = {isa = PBXFileReference; lastKnownFileType = sourcecode.cpp.objcpp; name = "juce_data_structures.mm"; path = "../../../Library/modules/juce_data_structures/juce_data_structures.mm"; sourceTree = "SOURCE_ROOT"; };
		BC99B06E365184CE8F20B2A6 = {isa = PBXFileReference; lastKnownFileType = wrapper.framework; name = IOKit.framework; path = System/Library/Frameworks/IOKit.framework; sourceTree = SDKROOT; };
		C14539328DA13E94063752CF = {isa = PBXFileReference; lastKnownFileType = sourcecode.cpp.objcpp; name = "juce_opengl.mm"; path = "../../../Library/modules/juce_opengl/juce_opengl.mm"; sourceTree = "SOURCE_ROOT"; };
		C575F381B2EF51F482E90E29 = {isa = PBXFileReference; lastKnownFileType = sourcecode.cpp.objcpp; name = "juce_gui_basics.mm"; path = "../../../Library/modules/juce_gui_basics/juce_gui_basics.mm"; sourceTree = "SOURCE_ROOT"; };
		C7C6DE4AA93E9E4A8452FEF9 = {isa = PBXFileReference; lastKnownFileType = sourcecode.cpp.cpp; name = SeaboardPlayer.cpp; path = ../../../Library/SeaboardLibraryCode/SeaboardPlayer.cpp; sourceTree = "SOURCE_ROOT"; };
		E5B98D43DB6E75BFEB7EFD64 = {isa = PBXFileReference; lastKnownFileType = wrapper.framework; name = Cocoa.framework; path = System/Library/Frameworks/Cocoa.framework; sourceTree = SDKROOT; };
		ADA7FAB52B777268ACE7982F = {isa = PBXFileReference; explicitFileType = wrapper.application; includeInIndex = 0; path = SeaboardVisuals.app; sourceTree = "BUILT_PRODUCTS_DIR"; };
		C7A0CB01EA976CCA8FD46373 = {isa = PBXFileReference; lastKnownFileType = sourcecode.cpp.objcpp; name = "juce_audio_formats.mm"; path = "../../../Library/modules/juce_audio_formats/juce_audio_formats.mm"; sourceTree = "SOURCE_ROOT"; };
		DAE162A769ECCB2197005ACD = {isa = PBXFileReference; lastKnownFileType = sourcecode.cpp.objcpp; name = "juce_audio_processors.mm"; path = "../../../Library/modules/juce_audio_processors/juce_audio_processors.mm"; sourceTree = "SOURCE_ROOT"; };
		E27715002EE967D927103555 = {isa = PBXFileReference; lastKnownFileType = sourcecode.c.h; name = SeaboardComponent.h; path = ../../Source/SeaboardComponent.h; sourceTree = "SOURCE_ROOT"; };
		EA9DDB5FA0E72AD322BC41F4 = {isa = PBXFileReference; lastKnownFileType = sourcecode.c.h; name = BinaryData.h; path = ../../../Library/SeaboardLibraryCode/BinaryData.h; sourceTree = "SOURCE_ROOT"; };
		EC25A015ABFCFA3D5C35A0B9 = {isa = PBXFileReference; lastKnownFileType = sourcecode.cpp.objcpp; name = "juce_events.mm"; path = "../../../Library/modules/juce_events/juce_events.mm"; sourceTree = "SOURCE_ROOT"; };
		EFD66A8A2CAB75DD2A54067C = {isa = PBXFileReference; lastKnownFileType = sourcecode.cpp.cpp; name = SeaboardComponent.cpp; path = ../../Source/SeaboardComponent.cpp; sourceTree = "SOURCE_ROOT"; };
		B99B552315705509B1DDEE20 = {isa = PBXGroup; children = (
					412D3ABEF80FFA69D2ADBF51,
					EA9DDB5FA0E72AD322BC41F4,
					3ACFB8EFC408FDA02120FDB9,
					96920BCE2FF301CE17DC5739,
					C7C6DE4AA93E9E4A8452FEF9,
					4438A4760FF720E5990C219A, ); name = SeaboardLibraryCode; sourceTree = "<group>"; };
		02FC69FA22FE5114E5BCA4C9 = {isa = PBXGroup; children = (
					2143C47DDB98218B3CD10DCF,
					EFD66A8A2CAB75DD2A54067C,
					E27715002EE967D927103555,
					A2305EE92158814E9A7C7778,
					7479E647F658F05FA72ED882, ); name = Source; sourceTree = "<group>"; };
		A693CCA1D91512FC727945F1 = {isa = PBXGroup; children = (
					B99B552315705509B1DDEE20,
					02FC69FA22FE5114E5BCA4C9, ); name = SeaboardVisuals; sourceTree = "<group>"; };
		C62390304BE5664886253A2A = {isa = PBXGroup; children = (
					831B27184B909407CD011576,
					145B0D19DEB26E15E309BCCE,
					435DCDFE997D2AD0D440A089,
					C7A0CB01EA976CCA8FD46373,
					DAE162A769ECCB2197005ACD,
					70800EBFD5947283D1043851,
					4D786EE8BA28428F074226D2,
					B671E4DD41EDFCA0ED780E67,
					EC25A015ABFCFA3D5C35A0B9,
					24436F134075F41FD987E3A8,
					C575F381B2EF51F482E90E29,
					80DEFAC6C811D5A40978DF86,
					C14539328DA13E94063752CF,
					40CCF602E2B536BC4644E37E,
					4B038D103CA6D1A6FA317922, ); name = "Juce Library Code"; sourceTree = "<group>"; };
		8A94EC6D8749AF5B2FADBB2E = {isa = PBXGroup; children = (
					84BE0875AA2169DC4BF5F8AB,
					5E51D802E2D85CB2F7A717D3, ); name = Resources; sourceTree = "<group>"; };
		B0302A999291621D03576E70 = {isa = PBXGroup; children = (
					4CC48571DD958CF4FB151B76,
					B28C199D303F965C72E9F39D,
					69D95705A42CE50E29E29038,
					E5B98D43DB6E75BFEB7EFD64,
					9FD098578AF1099C809FD821,
					A748205CB437C2626D78B2C7,
					5CA457595782E9DA3FCBA631,
					BC99B06E365184CE8F20B2A6,
					587C56B0698ED90DD3F0BD08,
					799D1182209BEA67A9F0E2D8,
					7484CC4A90948E666C9B6EAE,
					A3CE000E470C75E59E52BE6E,
					9B03287A9462C6FFB247B0DA, ); name = Frameworks; sourceTree = "<group>"; };
		DAE823B72DFB427849DC2978 = {isa = PBXGroup; children = (
					ADA7FAB52B777268ACE7982F, ); name = Products; sourceTree = "<group>"; };
		2288F3B60A70C73D8AF0DE05 = {isa = PBXGroup; children = (
					A693CCA1D91512FC727945F1,
					C62390304BE5664886253A2A,
					8A94EC6D8749AF5B2FADBB2E,
					B0302A999291621D03576E70,
					DAE823B72DFB427849DC2978, ); name = Source; sourceTree = "<group>"; };
		67EBC2E50710B776A6E49F8E = {isa = XCBuildConfiguration; buildSettings = {
				CLANG_CXX_LANGUAGE_STANDARD = "c++0x";
				CLANG_LINK_OBJC_RUNTIME = NO;
				COMBINE_HIDPI_IMAGES = YES;
				CONFIGURATION_BUILD_DIR = "$(PROJECT_DIR)/build/$(CONFIGURATION)";
				COPY_PHASE_STRIP = NO;
				GCC_DYNAMIC_NO_PIC = NO;
				GCC_OPTIMIZATION_LEVEL = 0;
				GCC_PREPROCESSOR_DEFINITIONS = (
					"_DEBUG=1",
					"DEBUG=1",
					"JUCER_XCODE_MAC_F6D2F4CF=1",
					"JUCE_APP_VERSION=1.0.0",
					"JUCE_APP_VERSION_HEX=0x10000", );
				GCC_VERSION = com.apple.compilers.llvm.clang.1_0;
				HEADER_SEARCH_PATHS = ("../../JuceLibraryCode", "../../../Library/modules", "$(inherited)");
				INFOPLIST_FILE = Info.plist;
				INSTALL_PATH = "$(HOME)/Applications";
				MACOSX_DEPLOYMENT_TARGET_ppc = 10.4;
				SDKROOT_ppc = macosx10.5; }; name = Debug; };
		A6835360621AD53793EA42A4 = {isa = XCBuildConfiguration; buildSettings = {
				CLANG_CXX_LANGUAGE_STANDARD = "c++0x";
				CLANG_LINK_OBJC_RUNTIME = NO;
				COMBINE_HIDPI_IMAGES = YES;
				CONFIGURATION_BUILD_DIR = "$(PROJECT_DIR)/build/$(CONFIGURATION)";
				DEAD_CODE_STRIPPING = YES;
				GCC_GENERATE_DEBUGGING_SYMBOLS = NO;
				GCC_OPTIMIZATION_LEVEL = s;
				GCC_PREPROCESSOR_DEFINITIONS = (
					"_NDEBUG=1",
					"NDEBUG=1",
					"JUCER_XCODE_MAC_F6D2F4CF=1",
					"JUCE_APP_VERSION=1.0.0",
					"JUCE_APP_VERSION_HEX=0x10000", );
				GCC_SYMBOLS_PRIVATE_EXTERN = YES;
				GCC_VERSION = com.apple.compilers.llvm.clang.1_0;
				HEADER_SEARCH_PATHS = ("../../JuceLibraryCode", "../../../Library/modules", "$(inherited)");
				INFOPLIST_FILE = Info.plist;
				INSTALL_PATH = "$(HOME)/Applications";
				MACOSX_DEPLOYMENT_TARGET_ppc = 10.4;
				SDKROOT_ppc = macosx10.5; }; name = Release; };
		C35A34708A31DB5831AA160C = {isa = XCBuildConfiguration; buildSettings = {
				ALWAYS_SEARCH_USER_PATHS = NO;
				DEBUG_INFORMATION_FORMAT = "dwarf";
				GCC_C_LANGUAGE_STANDARD = c99;
				GCC_INLINES_ARE_PRIVATE_EXTERN = YES;
				GCC_MODEL_TUNING = G5;
				GCC_WARN_ABOUT_RETURN_TYPE = YES;
				GCC_WARN_CHECK_SWITCH_STATEMENTS = YES;
				GCC_WARN_MISSING_PARENTHESES = YES;
				GCC_WARN_NON_VIRTUAL_DESTRUCTOR = YES;
				GCC_WARN_TYPECHECK_CALLS_TO_PRINTF = YES;
				GCC_WARN_UNUSED_VARIABLE = YES;
				ONLY_ACTIVE_ARCH = YES;
				PRODUCT_NAME = "SeaboardVisuals";
				WARNING_CFLAGS = -Wreorder;
				ZERO_LINK = NO; }; name = Debug; };
		14ADFC5C9152E9663C9B1871 = {isa = XCBuildConfiguration; buildSettings = {
				ALWAYS_SEARCH_USER_PATHS = NO;
				DEBUG_INFORMATION_FORMAT = "dwarf";
				GCC_C_LANGUAGE_STANDARD = c99;
				GCC_INLINES_ARE_PRIVATE_EXTERN = YES;
				GCC_MODEL_TUNING = G5;
				GCC_WARN_ABOUT_RETURN_TYPE = YES;
				GCC_WARN_CHECK_SWITCH_STATEMENTS = YES;
				GCC_WARN_MISSING_PARENTHESES = YES;
				GCC_WARN_NON_VIRTUAL_DESTRUCTOR = YES;
				GCC_WARN_TYPECHECK_CALLS_TO_PRINTF = YES;
				GCC_WARN_UNUSED_VARIABLE = YES;
				PRODUCT_NAME = "SeaboardVisuals";
				WARNING_CFLAGS = -Wreorder;
				ZERO_LINK = NO; }; name = Release; };
		6AB98AE2641C4D4D113C0EB9 = {isa = XCConfigurationList; buildConfigurations = (
					C35A34708A31DB5831AA160C,
					14ADFC5C9152E9663C9B1871, ); defaultConfigurationIsVisible = 0; defaultConfigurationName = Debug; };
		67984B83DAA0A6D4C4D4DC0F = {isa = XCConfigurationList; buildConfigurations = (
					67EBC2E50710B776A6E49F8E,
					A6835360621AD53793EA42A4, ); defaultConfigurationIsVisible = 0; defaultConfigurationName = Debug; };
		93CFB53021C5C905F4E718BE = {isa = PBXResourcesBuildPhase; buildActionMask = 2147483647; files = (
					D07C26A0039A18FF84436498, ); runOnlyForDeploymentPostprocessing = 0; };
		6091858271A90835AC758034 = {isa = PBXSourcesBuildPhase; buildActionMask = 2147483647; files = (
					777E9338ABA069DD8F5BF43D,
					877A3463321A1A18FCB73501,
					AED0D210E8D519721137D80C,
					216E438FC00B3C0B00D8FF0A,
					88EA12B3D50A6F198EA6F1BD,
					27404E05596B857119CBC877,
					AA3BDE5330911C33385AE592,
					33FE76AC1AB4C2D184894363,
					0E3F02E0457A2E7F6E32F5F2,
					6523B7A2D1ABD3B0A3FB68C0,
					ADB42EBC23B06E42AAB276E2,
					4DBD6227BC8FA5D8D7C9B65E,
					3B5B458E907788215DA8F07F,
					972FFC841BFC98718D70A140,
					9882E5D08498BCCE3F1B5BB3,
					376661598B157D4189105FD3,
					F93961FB8C5687B8AC1E6B29,
					4EC15644D28B91D3931816E7,
					20FD2AA68DA9B715701B47FF,
					2D64CE8A35DB29D56F74D107, ); runOnlyForDeploymentPostprocessing = 0; };
		2C5F1EAA33F0EF12FD0B878F = {isa = PBXFrameworksBuildPhase; buildActionMask = 2147483647; files = (
					E365B41BEEC9ED3442D20C8E,
					D310B4D3E807DA701AA79EF2,
					2A82CB714290382EF4488C05,
					12DBF3172C2CAF4D3EFD7EDD,
					21414418D3B3EFB718DE8CB1,
					44ABA6FFB78470CDA1E3D1F1,
					2C9C37748D389FE363DDDF52,
					859839D72BF38FD0381B0EA7,
					5C4F109D87FDDF7835229204,
					2714A3BD9D2116253D997170,
					7C4E87B022A9AF0AC277B12A,
					08AC80864F4536D41A6F5DB4,
					FB30EDED5F5DE1B3424E8348, ); runOnlyForDeploymentPostprocessing = 0; };
		0C6F8C65E60D299A81D2DCE6 = {isa = PBXNativeTarget; buildConfigurationList = 67984B83DAA0A6D4C4D4DC0F; buildPhases = (
					93CFB53021C5C905F4E718BE,
					6091858271A90835AC758034,
					2C5F1EAA33F0EF12FD0B878F, ); buildRules = ( ); dependencies = ( ); name = SeaboardVisuals; productName = SeaboardVisuals; productReference = ADA7FAB52B777268ACE7982F; productInstallPath = "$(HOME)/Applications"; productType = "com.apple.product-type.application"; };
		A5441F21ECF4C7A3B64BAE84 = {isa = PBXProject; buildConfigurationList = 6AB98AE2641C4D4D113C0EB9; attributes = { LastUpgradeCheck = 0440; }; compatibilityVersion = "Xcode 3.2"; hasScannedForEncodings = 0; mainGroup = 2288F3B60A70C73D8AF0DE05; projectDirPath = ""; projectRoot = ""; targets = ( 0C6F8C65E60D299A81D2DCE6 ); };
	};
	rootObject = A5441F21ECF4C7A3B64BAE84;
}
