// !$*UTF8*$!
{
	archiveVersion = 1;
	classes = {
	};
	objectVersion = 46;
	objects = {

/* Begin PBXBuildFile section */
		4BA7F6D419E432EF0077838C /* AppDelegate.swift in Sources */ = {isa = PBXBuildFile; fileRef = 4BA7F6D319E432EF0077838C /* AppDelegate.swift */; };
		4BA7F6D619E432EF0077838C /* GameScene.swift in Sources */ = {isa = PBXBuildFile; fileRef = 4BA7F6D519E432EF0077838C /* GameScene.swift */; };
		4BA7F6D819E432EF0077838C /* GameScene.sks in Resources */ = {isa = PBXBuildFile; fileRef = 4BA7F6D719E432EF0077838C /* GameScene.sks */; };
		4BA7F6DA19E432EF0077838C /* Images.xcassets in Resources */ = {isa = PBXBuildFile; fileRef = 4BA7F6D919E432EF0077838C /* Images.xcassets */; };
		4BA7F6DD19E432EF0077838C /* MainMenu.xib in Resources */ = {isa = PBXBuildFile; fileRef = 4BA7F6DB19E432EF0077838C /* MainMenu.xib */; };
		4BA7F6E919E432EF0077838C /* BreakoutTests.swift in Sources */ = {isa = PBXBuildFile; fileRef = 4BA7F6E819E432EF0077838C /* BreakoutTests.swift */; };
		4BA7F6F719E4333B0077838C /* MIDIMessage.m in Sources */ = {isa = PBXBuildFile; fileRef = 4BA7F6F419E4333B0077838C /* MIDIMessage.m */; };
		4BA7F6F819E4333B0077838C /* Seaboard.m in Sources */ = {isa = PBXBuildFile; fileRef = 4BA7F6F619E4333B0077838C /* Seaboard.m */; };
/* End PBXBuildFile section */

/* Begin PBXContainerItemProxy section */
		4BA7F6E319E432EF0077838C /* PBXContainerItemProxy */ = {
			isa = PBXContainerItemProxy;
			containerPortal = 4BA7F6C619E432EF0077838C /* Project object */;
			proxyType = 1;
			remoteGlobalIDString = 4BA7F6CD19E432EF0077838C;
			remoteInfo = Breakout;
		};
/* End PBXContainerItemProxy section */

/* Begin PBXFileReference section */
		4BA7F6CE19E432EF0077838C /* Breakout.app */ = {isa = PBXFileReference; explicitFileType = wrapper.application; includeInIndex = 0; path = Breakout.app; sourceTree = BUILT_PRODUCTS_DIR; };
		4BA7F6D219E432EF0077838C /* Info.plist */ = {isa = PBXFileReference; lastKnownFileType = text.plist.xml; path = Info.plist; sourceTree = "<group>"; };
		4BA7F6D319E432EF0077838C /* AppDelegate.swift */ = {isa = PBXFileReference; lastKnownFileType = sourcecode.swift; path = AppDelegate.swift; sourceTree = "<group>"; };
		4BA7F6D519E432EF0077838C /* GameScene.swift */ = {isa = PBXFileReference; lastKnownFileType = sourcecode.swift; path = GameScene.swift; sourceTree = "<group>"; };
		4BA7F6D719E432EF0077838C /* GameScene.sks */ = {isa = PBXFileReference; lastKnownFileType = file.sks; path = GameScene.sks; sourceTree = "<group>"; };
		4BA7F6D919E432EF0077838C /* Images.xcassets */ = {isa = PBXFileReference; lastKnownFileType = folder.assetcatalog; path = Images.xcassets; sourceTree = "<group>"; };
		4BA7F6DC19E432EF0077838C /* Base */ = {isa = PBXFileReference; lastKnownFileType = file.xib; name = Base; path = Base.lproj/MainMenu.xib; sourceTree = "<group>"; };
		4BA7F6E219E432EF0077838C /* BreakoutTests.xctest */ = {isa = PBXFileReference; explicitFileType = wrapper.cfbundle; includeInIndex = 0; path = BreakoutTests.xctest; sourceTree = BUILT_PRODUCTS_DIR; };
		4BA7F6E719E432EF0077838C /* Info.plist */ = {isa = PBXFileReference; lastKnownFileType = text.plist.xml; path = Info.plist; sourceTree = "<group>"; };
		4BA7F6E819E432EF0077838C /* BreakoutTests.swift */ = {isa = PBXFileReference; lastKnownFileType = sourcecode.swift; path = BreakoutTests.swift; sourceTree = "<group>"; };
		4BA7F6F319E4333B0077838C /* MIDIMessage.h */ = {isa = PBXFileReference; fileEncoding = 4; lastKnownFileType = sourcecode.c.h; path = MIDIMessage.h; sourceTree = "<group>"; };
		4BA7F6F419E4333B0077838C /* MIDIMessage.m */ = {isa = PBXFileReference; fileEncoding = 4; lastKnownFileType = sourcecode.c.objc; path = MIDIMessage.m; sourceTree = "<group>"; };
		4BA7F6F519E4333B0077838C /* Seaboard.h */ = {isa = PBXFileReference; fileEncoding = 4; lastKnownFileType = sourcecode.c.h; path = Seaboard.h; sourceTree = "<group>"; };
		4BA7F6F619E4333B0077838C /* Seaboard.m */ = {isa = PBXFileReference; fileEncoding = 4; lastKnownFileType = sourcecode.c.objc; path = Seaboard.m; sourceTree = "<group>"; };
		4BA7F6F919E433850077838C /* Breakout-Bridging-Header.h */ = {isa = PBXFileReference; lastKnownFileType = sourcecode.c.h; path = "Breakout-Bridging-Header.h"; sourceTree = "<group>"; };
/* End PBXFileReference section */

/* Begin PBXFrameworksBuildPhase section */
		4BA7F6CB19E432EF0077838C /* Frameworks */ = {
			isa = PBXFrameworksBuildPhase;
			buildActionMask = 2147483647;
			files = (
			);
			runOnlyForDeploymentPostprocessing = 0;
		};
		4BA7F6DF19E432EF0077838C /* Frameworks */ = {
			isa = PBXFrameworksBuildPhase;
			buildActionMask = 2147483647;
			files = (
			);
			runOnlyForDeploymentPostprocessing = 0;
		};
/* End PBXFrameworksBuildPhase section */

/* Begin PBXGroup section */
		4BA7F6C519E432EF0077838C = {
			isa = PBXGroup;
			children = (
				4BA7F6D019E432EF0077838C /* Breakout */,
				4BA7F6E519E432EF0077838C /* BreakoutTests */,
				4BA7F6CF19E432EF0077838C /* Products */,
			);
			sourceTree = "<group>";
		};
		4BA7F6CF19E432EF0077838C /* Products */ = {
			isa = PBXGroup;
			children = (
				4BA7F6CE19E432EF0077838C /* Breakout.app */,
				4BA7F6E219E432EF0077838C /* BreakoutTests.xctest */,
			);
			name = Products;
			sourceTree = "<group>";
		};
		4BA7F6D019E432EF0077838C /* Breakout */ = {
			isa = PBXGroup;
			children = (
				4BA7F6F219E4333B0077838C /* Seaboard Library */,
				4BA7F6D319E432EF0077838C /* AppDelegate.swift */,
				4BA7F6D519E432EF0077838C /* GameScene.swift */,
				4BA7F6D719E432EF0077838C /* GameScene.sks */,
				4BA7F6D919E432EF0077838C /* Images.xcassets */,
				4BA7F6DB19E432EF0077838C /* MainMenu.xib */,
				4BA7F6D119E432EF0077838C /* Supporting Files */,
				4BA7F6F919E433850077838C /* Breakout-Bridging-Header.h */,
			);
			path = Breakout;
			sourceTree = "<group>";
		};
		4BA7F6D119E432EF0077838C /* Supporting Files */ = {
			isa = PBXGroup;
			children = (
				4BA7F6D219E432EF0077838C /* Info.plist */,
			);
			name = "Supporting Files";
			sourceTree = "<group>";
		};
		4BA7F6E519E432EF0077838C /* BreakoutTests */ = {
			isa = PBXGroup;
			children = (
				4BA7F6E819E432EF0077838C /* BreakoutTests.swift */,
				4BA7F6E619E432EF0077838C /* Supporting Files */,
			);
			path = BreakoutTests;
			sourceTree = "<group>";
		};
		4BA7F6E619E432EF0077838C /* Supporting Files */ = {
			isa = PBXGroup;
			children = (
				4BA7F6E719E432EF0077838C /* Info.plist */,
			);
			name = "Supporting Files";
			sourceTree = "<group>";
		};
		4BA7F6F219E4333B0077838C /* Seaboard Library */ = {
			isa = PBXGroup;
			children = (
				4BA7F6F319E4333B0077838C /* MIDIMessage.h */,
				4BA7F6F419E4333B0077838C /* MIDIMessage.m */,
				4BA7F6F519E4333B0077838C /* Seaboard.h */,
				4BA7F6F619E4333B0077838C /* Seaboard.m */,
			);
			name = "Seaboard Library";
			path = "../../Seaboard Library";
			sourceTree = "<group>";
		};
/* End PBXGroup section */

/* Begin PBXNativeTarget section */
		4BA7F6CD19E432EF0077838C /* Breakout */ = {
			isa = PBXNativeTarget;
			buildConfigurationList = 4BA7F6EC19E432EF0077838C /* Build configuration list for PBXNativeTarget "Breakout" */;
			buildPhases = (
				4BA7F6CA19E432EF0077838C /* Sources */,
				4BA7F6CB19E432EF0077838C /* Frameworks */,
				4BA7F6CC19E432EF0077838C /* Resources */,
			);
			buildRules = (
			);
			dependencies = (
			);
			name = Breakout;
			productName = Breakout;
			productReference = 4BA7F6CE19E432EF0077838C /* Breakout.app */;
			productType = "com.apple.product-type.application";
		};
		4BA7F6E119E432EF0077838C /* BreakoutTests */ = {
			isa = PBXNativeTarget;
			buildConfigurationList = 4BA7F6EF19E432EF0077838C /* Build configuration list for PBXNativeTarget "BreakoutTests" */;
			buildPhases = (
				4BA7F6DE19E432EF0077838C /* Sources */,
				4BA7F6DF19E432EF0077838C /* Frameworks */,
				4BA7F6E019E432EF0077838C /* Resources */,
			);
			buildRules = (
			);
			dependencies = (
				4BA7F6E419E432EF0077838C /* PBXTargetDependency */,
			);
			name = BreakoutTests;
			productName = BreakoutTests;
			productReference = 4BA7F6E219E432EF0077838C /* BreakoutTests.xctest */;
			productType = "com.apple.product-type.bundle.unit-test";
		};
/* End PBXNativeTarget section */

/* Begin PBXProject section */
		4BA7F6C619E432EF0077838C /* Project object */ = {
			isa = PBXProject;
			attributes = {
				LastUpgradeCheck = 0610;
				ORGANIZATIONNAME = ROLI;
				TargetAttributes = {
					4BA7F6CD19E432EF0077838C = {
						CreatedOnToolsVersion = 6.1;
					};
					4BA7F6E119E432EF0077838C = {
						CreatedOnToolsVersion = 6.1;
						TestTargetID = 4BA7F6CD19E432EF0077838C;
					};
				};
			};
			buildConfigurationList = 4BA7F6C919E432EF0077838C /* Build configuration list for PBXProject "Breakout" */;
			compatibilityVersion = "Xcode 3.2";
			developmentRegion = English;
			hasScannedForEncodings = 0;
			knownRegions = (
				en,
				Base,
			);
			mainGroup = 4BA7F6C519E432EF0077838C;
			productRefGroup = 4BA7F6CF19E432EF0077838C /* Products */;
			projectDirPath = "";
			projectRoot = "";
			targets = (
				4BA7F6CD19E432EF0077838C /* Breakout */,
				4BA7F6E119E432EF0077838C /* BreakoutTests */,
			);
		};
/* End PBXProject section */

/* Begin PBXResourcesBuildPhase section */
		4BA7F6CC19E432EF0077838C /* Resources */ = {
			isa = PBXResourcesBuildPhase;
			buildActionMask = 2147483647;
			files = (
				4BA7F6D819E432EF0077838C /* GameScene.sks in Resources */,
				4BA7F6DA19E432EF0077838C /* Images.xcassets in Resources */,
				4BA7F6DD19E432EF0077838C /* MainMenu.xib in Resources */,
			);
			runOnlyForDeploymentPostprocessing = 0;
		};
		4BA7F6E019E432EF0077838C /* Resources */ = {
			isa = PBXResourcesBuildPhase;
			buildActionMask = 2147483647;
			files = (
			);
			runOnlyForDeploymentPostprocessing = 0;
		};
/* End PBXResourcesBuildPhase section */

/* Begin PBXSourcesBuildPhase section */
		4BA7F6CA19E432EF0077838C /* Sources */ = {
			isa = PBXSourcesBuildPhase;
			buildActionMask = 2147483647;
			files = (
				4BA7F6F719E4333B0077838C /* MIDIMessage.m in Sources */,
				4BA7F6D619E432EF0077838C /* GameScene.swift in Sources */,
				4BA7F6F819E4333B0077838C /* Seaboard.m in Sources */,
				4BA7F6D419E432EF0077838C /* AppDelegate.swift in Sources */,
			);
			runOnlyForDeploymentPostprocessing = 0;
		};
		4BA7F6DE19E432EF0077838C /* Sources */ = {
			isa = PBXSourcesBuildPhase;
			buildActionMask = 2147483647;
			files = (
				4BA7F6E919E432EF0077838C /* BreakoutTests.swift in Sources */,
			);
			runOnlyForDeploymentPostprocessing = 0;
		};
/* End PBXSourcesBuildPhase section */

/* Begin PBXTargetDependency section */
		4BA7F6E419E432EF0077838C /* PBXTargetDependency */ = {
			isa = PBXTargetDependency;
			target = 4BA7F6CD19E432EF0077838C /* Breakout */;
			targetProxy = 4BA7F6E319E432EF0077838C /* PBXContainerItemProxy */;
		};
/* End PBXTargetDependency section */

/* Begin PBXVariantGroup section */
		4BA7F6DB19E432EF0077838C /* MainMenu.xib */ = {
			isa = PBXVariantGroup;
			children = (
				4BA7F6DC19E432EF0077838C /* Base */,
			);
			name = MainMenu.xib;
			sourceTree = "<group>";
		};
/* End PBXVariantGroup section */

/* Begin XCBuildConfiguration section */
		4BA7F6EA19E432EF0077838C /* Debug */ = {
			isa = XCBuildConfiguration;
			buildSettings = {
				ALWAYS_SEARCH_USER_PATHS = NO;
				CLANG_CXX_LANGUAGE_STANDARD = "gnu++0x";
				CLANG_CXX_LIBRARY = "libc++";
				CLANG_ENABLE_MODULES = YES;
				CLANG_ENABLE_OBJC_ARC = YES;
				CLANG_WARN_BOOL_CONVERSION = YES;
				CLANG_WARN_CONSTANT_CONVERSION = YES;
				CLANG_WARN_DIRECT_OBJC_ISA_USAGE = YES_ERROR;
				CLANG_WARN_EMPTY_BODY = YES;
				CLANG_WARN_ENUM_CONVERSION = YES;
				CLANG_WARN_INT_CONVERSION = YES;
				CLANG_WARN_OBJC_ROOT_CLASS = YES_ERROR;
				CLANG_WARN_UNREACHABLE_CODE = YES;
				CLANG_WARN__DUPLICATE_METHOD_MATCH = YES;
				CODE_SIGN_IDENTITY = "-";
				COPY_PHASE_STRIP = NO;
				ENABLE_STRICT_OBJC_MSGSEND = YES;
				GCC_C_LANGUAGE_STANDARD = gnu99;
				GCC_DYNAMIC_NO_PIC = NO;
				GCC_OPTIMIZATION_LEVEL = 0;
				GCC_PREPROCESSOR_DEFINITIONS = (
					"DEBUG=1",
					"$(inherited)",
				);
				GCC_SYMBOLS_PRIVATE_EXTERN = NO;
				GCC_WARN_64_TO_32_BIT_CONVERSION = YES;
				GCC_WARN_ABOUT_RETURN_TYPE = YES_ERROR;
				GCC_WARN_UNDECLARED_SELECTOR = YES;
				GCC_WARN_UNINITIALIZED_AUTOS = YES_AGGRESSIVE;
				GCC_WARN_UNUSED_FUNCTION = YES;
				GCC_WARN_UNUSED_VARIABLE = YES;
				MACOSX_DEPLOYMENT_TARGET = 10.9;
				MTL_ENABLE_DEBUG_INFO = YES;
				ONLY_ACTIVE_ARCH = YES;
				SDKROOT = macosx;
				SWIFT_OPTIMIZATION_LEVEL = "-Onone";
			};
			name = Debug;
		};
		4BA7F6EB19E432EF0077838C /* Release */ = {
			isa = XCBuildConfiguration;
			buildSettings = {
				ALWAYS_SEARCH_USER_PATHS = NO;
				CLANG_CXX_LANGUAGE_STANDARD = "gnu++0x";
				CLANG_CXX_LIBRARY = "libc++";
				CLANG_ENABLE_MODULES = YES;
				CLANG_ENABLE_OBJC_ARC = YES;
				CLANG_WARN_BOOL_CONVERSION = YES;
				CLANG_WARN_CONSTANT_CONVERSION = YES;
				CLANG_WARN_DIRECT_OBJC_ISA_USAGE = YES_ERROR;
				CLANG_WARN_EMPTY_BODY = YES;
				CLANG_WARN_ENUM_CONVERSION = YES;
				CLANG_WARN_INT_CONVERSION = YES;
				CLANG_WARN_OBJC_ROOT_CLASS = YES_ERROR;
				CLANG_WARN_UNREACHABLE_CODE = YES;
				CLANG_WARN__DUPLICATE_METHOD_MATCH = YES;
				CODE_SIGN_IDENTITY = "-";
				COPY_PHASE_STRIP = YES;
				DEBUG_INFORMATION_FORMAT = "dwarf-with-dsym";
				ENABLE_NS_ASSERTIONS = NO;
				ENABLE_STRICT_OBJC_MSGSEND = YES;
				GCC_C_LANGUAGE_STANDARD = gnu99;
				GCC_WARN_64_TO_32_BIT_CONVERSION = YES;
				GCC_WARN_ABOUT_RETURN_TYPE = YES_ERROR;
				GCC_WARN_UNDECLARED_SELECTOR = YES;
				GCC_WARN_UNINITIALIZED_AUTOS = YES_AGGRESSIVE;
				GCC_WARN_UNUSED_FUNCTION = YES;
				GCC_WARN_UNUSED_VARIABLE = YES;
				MACOSX_DEPLOYMENT_TARGET = 10.9;
				MTL_ENABLE_DEBUG_INFO = NO;
				SDKROOT = macosx;
			};
			name = Release;
		};
		4BA7F6ED19E432EF0077838C /* Debug */ = {
			isa = XCBuildConfiguration;
			buildSettings = {
				ASSETCATALOG_COMPILER_APPICON_NAME = AppIcon;
				COMBINE_HIDPI_IMAGES = YES;
				INFOPLIST_FILE = Breakout/Info.plist;
				LD_RUNPATH_SEARCH_PATHS = "$(inherited) @executable_path/../Frameworks";
				PRODUCT_NAME = "$(TARGET_NAME)";
				SWIFT_OBJC_BRIDGING_HEADER = "Breakout/Breakout-Bridging-Header.h";
			};
			name = Debug;
		};
		4BA7F6EE19E432EF0077838C /* Release */ = {
			isa = XCBuildConfiguration;
			buildSettings = {
				ASSETCATALOG_COMPILER_APPICON_NAME = AppIcon;
				COMBINE_HIDPI_IMAGES = YES;
				INFOPLIST_FILE = Breakout/Info.plist;
				LD_RUNPATH_SEARCH_PATHS = "$(inherited) @executable_path/../Frameworks";
				PRODUCT_NAME = "$(TARGET_NAME)";
				SWIFT_OBJC_BRIDGING_HEADER = "Breakout/Breakout-Bridging-Header.h";
			};
			name = Release;
		};
		4BA7F6F019E432EF0077838C /* Debug */ = {
			isa = XCBuildConfiguration;
			buildSettings = {
				BUNDLE_LOADER = "$(TEST_HOST)";
				COMBINE_HIDPI_IMAGES = YES;
				FRAMEWORK_SEARCH_PATHS = (
					"$(DEVELOPER_FRAMEWORKS_DIR)",
					"$(inherited)",
				);
				GCC_PREPROCESSOR_DEFINITIONS = (
					"DEBUG=1",
					"$(inherited)",
				);
				INFOPLIST_FILE = BreakoutTests/Info.plist;
				LD_RUNPATH_SEARCH_PATHS = "$(inherited) @executable_path/../Frameworks @loader_path/../Frameworks";
				PRODUCT_NAME = "$(TARGET_NAME)";
				TEST_HOST = "$(BUILT_PRODUCTS_DIR)/Breakout.app/Contents/MacOS/Breakout";
			};
			name = Debug;
		};
		4BA7F6F119E432EF0077838C /* Release */ = {
			isa = XCBuildConfiguration;
			buildSettings = {
				BUNDLE_LOADER = "$(TEST_HOST)";
				COMBINE_HIDPI_IMAGES = YES;
				FRAMEWORK_SEARCH_PATHS = (
					"$(DEVELOPER_FRAMEWORKS_DIR)",
					"$(inherited)",
				);
				INFOPLIST_FILE = BreakoutTests/Info.plist;
				LD_RUNPATH_SEARCH_PATHS = "$(inherited) @executable_path/../Frameworks @loader_path/../Frameworks";
				PRODUCT_NAME = "$(TARGET_NAME)";
				TEST_HOST = "$(BUILT_PRODUCTS_DIR)/Breakout.app/Contents/MacOS/Breakout";
			};
			name = Release;
		};
/* End XCBuildConfiguration section */

/* Begin XCConfigurationList section */
		4BA7F6C919E432EF0077838C /* Build configuration list for PBXProject "Breakout" */ = {
			isa = XCConfigurationList;
			buildConfigurations = (
				4BA7F6EA19E432EF0077838C /* Debug */,
				4BA7F6EB19E432EF0077838C /* Release */,
			);
			defaultConfigurationIsVisible = 0;
			defaultConfigurationName = Release;
		};
		4BA7F6EC19E432EF0077838C /* Build configuration list for PBXNativeTarget "Breakout" */ = {
			isa = XCConfigurationList;
			buildConfigurations = (
				4BA7F6ED19E432EF0077838C /* Debug */,
				4BA7F6EE19E432EF0077838C /* Release */,
			);
			defaultConfigurationIsVisible = 0;
		};
		4BA7F6EF19E432EF0077838C /* Build configuration list for PBXNativeTarget "BreakoutTests" */ = {
			isa = XCConfigurationList;
			buildConfigurations = (
				4BA7F6F019E432EF0077838C /* Debug */,
				4BA7F6F119E432EF0077838C /* Release */,
			);
			defaultConfigurationIsVisible = 0;
		};
/* End XCConfigurationList section */
	};
	rootObject = 4BA7F6C619E432EF0077838C /* Project object */;
}
